
Microsoft Visual Studio Solution File, Format Version 12.00
# Visual Studio Version 17
VisualStudioVersion = 17.0.31912.275
MinimumVisualStudioVersion = 10.0.40219.1
Project("{FAE04EC0-301F-11D3-BF4B-00C04F79EFBC}") = "memberVar", "memberVar.csproj", "{D277D2EE-DE5B-4DB8-BE96-CD5EE18CF1CD}"
EndProject
Global
	GlobalSection(SolutionConfigurationPlatforms) = preSolution
		Debug|Any CPU = Debug|Any CPU
		Release|Any CPU = Release|Any CPU
	EndGlobalSection
	GlobalSection(ProjectConfigurationPlatforms) = postSolution
		{D277D2EE-DE5B-4DB8-BE96-CD5EE18CF1CD}.Debug|Any CPU.ActiveCfg = Debug|Any CPU
		{D277D2EE-DE5B-4DB8-BE96-CD5EE18CF1CD}.Debug|Any CPU.Build.0 = Debug|Any CPU
		{D277D2EE-DE5B-4DB8-BE96-CD5EE18CF1CD}.Release|Any CPU.ActiveCfg = Release|Any CPU
		{D277D2EE-DE5B-4DB8-BE96-CD5EE18CF1CD}.Release|Any CPU.Build.0 = Release|Any CPU
	EndGlobalSection
	GlobalSection(SolutionProperties) = preSolution
		HideSolutionNode = FALSE
	EndGlobalSection
	GlobalSection(ExtensibilityGlobals) = postSolution
		SolutionGuid = {661EF995-1E24-4FCE-82F5-86EADA59E166}
	EndGlobalSection
EndGlobal
